
Microsoft Visual Studio Solution File, Format Version 11.00
# Visual Basic Express 2010
Project("{F184B08F-C81C-45F6-A57F-5ABD9991F28F}") = "44_ByVal", "44_ByVal\44_ByVal.vbproj", "{6EBD7B40-B5D4-4DCF-8BBA-B4E62368F10C}"
EndProject
Global
	GlobalSection(SolutionConfigurationPlatforms) = preSolution
		Debug|x86 = Debug|x86
		Release|x86 = Release|x86
	EndGlobalSection
	GlobalSection(ProjectConfigurationPlatforms) = postSolution
		{6EBD7B40-B5D4-4DCF-8BBA-B4E62368F10C}.Debug|x86.ActiveCfg = Debug|x86
		{6EBD7B40-B5D4-4DCF-8BBA-B4E62368F10C}.Debug|x86.Build.0 = Debug|x86
		{6EBD7B40-B5D4-4DCF-8BBA-B4E62368F10C}.Release|x86.ActiveCfg = Release|x86
		{6EBD7B40-B5D4-4DCF-8BBA-B4E62368F10C}.Release|x86.Build.0 = Release|x86
	EndGlobalSection
	GlobalSection(SolutionProperties) = preSolution
		HideSolutionNode = FALSE
	EndGlobalSection
EndGlobal
