
Microsoft Visual Studio Solution File, Format Version 11.00
# Visual Basic Express 2010
Project("{F184B08F-C81C-45F6-A57F-5ABD9991F28F}") = "10_More On Math Operators", "10_More On Math Operators\10_More On Math Operators.vbproj", "{E7A329C4-E8F5-44D5-9DD6-25E153DF5FAC}"
EndProject
Global
	GlobalSection(SolutionConfigurationPlatforms) = preSolution
		Debug|x86 = Debug|x86
		Release|x86 = Release|x86
	EndGlobalSection
	GlobalSection(ProjectConfigurationPlatforms) = postSolution
		{E7A329C4-E8F5-44D5-9DD6-25E153DF5FAC}.Debug|x86.ActiveCfg = Debug|x86
		{E7A329C4-E8F5-44D5-9DD6-25E153DF5FAC}.Debug|x86.Build.0 = Debug|x86
		{E7A329C4-E8F5-44D5-9DD6-25E153DF5FAC}.Release|x86.ActiveCfg = Release|x86
		{E7A329C4-E8F5-44D5-9DD6-25E153DF5FAC}.Release|x86.Build.0 = Release|x86
	EndGlobalSection
	GlobalSection(SolutionProperties) = preSolution
		HideSolutionNode = FALSE
	EndGlobalSection
EndGlobal
