
Microsoft Visual Studio Solution File, Format Version 11.00
# Visual Basic Express 2010
Project("{F184B08F-C81C-45F6-A57F-5ABD9991F28F}") = "18_Concatenate Strings", "18_Concatenate Strings\18_Concatenate Strings.vbproj", "{DAA7CC42-4CA6-421D-AE03-7FD40C6C3779}"
EndProject
Global
	GlobalSection(SolutionConfigurationPlatforms) = preSolution
		Debug|x86 = Debug|x86
		Release|x86 = Release|x86
	EndGlobalSection
	GlobalSection(ProjectConfigurationPlatforms) = postSolution
		{DAA7CC42-4CA6-421D-AE03-7FD40C6C3779}.Debug|x86.ActiveCfg = Debug|x86
		{DAA7CC42-4CA6-421D-AE03-7FD40C6C3779}.Debug|x86.Build.0 = Debug|x86
		{DAA7CC42-4CA6-421D-AE03-7FD40C6C3779}.Release|x86.ActiveCfg = Release|x86
		{DAA7CC42-4CA6-421D-AE03-7FD40C6C3779}.Release|x86.Build.0 = Release|x86
	EndGlobalSection
	GlobalSection(SolutionProperties) = preSolution
		HideSolutionNode = FALSE
	EndGlobalSection
EndGlobal
