
Microsoft Visual Studio Solution File, Format Version 11.00
# Visual Basic Express 2010
Project("{F184B08F-C81C-45F6-A57F-5ABD9991F28F}") = "46_Optional ByVal", "46_Optional ByVal\46_Optional ByVal.vbproj", "{E8151621-D3CB-4533-B6B6-CE5FD64212C6}"
EndProject
Global
	GlobalSection(SolutionConfigurationPlatforms) = preSolution
		Debug|x86 = Debug|x86
		Release|x86 = Release|x86
	EndGlobalSection
	GlobalSection(ProjectConfigurationPlatforms) = postSolution
		{E8151621-D3CB-4533-B6B6-CE5FD64212C6}.Debug|x86.ActiveCfg = Debug|x86
		{E8151621-D3CB-4533-B6B6-CE5FD64212C6}.Debug|x86.Build.0 = Debug|x86
		{E8151621-D3CB-4533-B6B6-CE5FD64212C6}.Release|x86.ActiveCfg = Release|x86
		{E8151621-D3CB-4533-B6B6-CE5FD64212C6}.Release|x86.Build.0 = Release|x86
	EndGlobalSection
	GlobalSection(SolutionProperties) = preSolution
		HideSolutionNode = FALSE
	EndGlobalSection
EndGlobal
