
Microsoft Visual Studio Solution File, Format Version 11.00
# Visual Basic Express 2010
Project("{F184B08F-C81C-45F6-A57F-5ABD9991F28F}") = "39_MessageBoxes", "39_MessageBoxes\39_MessageBoxes.vbproj", "{95E2454B-31BC-42A0-BCF7-2BE88C07E173}"
EndProject
Global
	GlobalSection(SolutionConfigurationPlatforms) = preSolution
		Debug|x86 = Debug|x86
		Release|x86 = Release|x86
	EndGlobalSection
	GlobalSection(ProjectConfigurationPlatforms) = postSolution
		{95E2454B-31BC-42A0-BCF7-2BE88C07E173}.Debug|x86.ActiveCfg = Debug|x86
		{95E2454B-31BC-42A0-BCF7-2BE88C07E173}.Debug|x86.Build.0 = Debug|x86
		{95E2454B-31BC-42A0-BCF7-2BE88C07E173}.Release|x86.ActiveCfg = Release|x86
		{95E2454B-31BC-42A0-BCF7-2BE88C07E173}.Release|x86.Build.0 = Release|x86
	EndGlobalSection
	GlobalSection(SolutionProperties) = preSolution
		HideSolutionNode = FALSE
	EndGlobalSection
EndGlobal
