
Microsoft Visual Studio Solution File, Format Version 11.00
# Visual Basic Express 2010
Project("{F184B08F-C81C-45F6-A57F-5ABD9991F28F}") = "33_More On Do Loops", "33_More On Do Loops\33_More On Do Loops.vbproj", "{4D0CF95C-9621-4D3D-90AD-AF5FFECC3913}"
EndProject
Global
	GlobalSection(SolutionConfigurationPlatforms) = preSolution
		Debug|x86 = Debug|x86
		Release|x86 = Release|x86
	EndGlobalSection
	GlobalSection(ProjectConfigurationPlatforms) = postSolution
		{4D0CF95C-9621-4D3D-90AD-AF5FFECC3913}.Debug|x86.ActiveCfg = Debug|x86
		{4D0CF95C-9621-4D3D-90AD-AF5FFECC3913}.Debug|x86.Build.0 = Debug|x86
		{4D0CF95C-9621-4D3D-90AD-AF5FFECC3913}.Release|x86.ActiveCfg = Release|x86
		{4D0CF95C-9621-4D3D-90AD-AF5FFECC3913}.Release|x86.Build.0 = Release|x86
	EndGlobalSection
	GlobalSection(SolutionProperties) = preSolution
		HideSolutionNode = FALSE
	EndGlobalSection
EndGlobal
