
Microsoft Visual Studio Solution File, Format Version 11.00
# Visual Basic Express 2010
Project("{F184B08F-C81C-45F6-A57F-5ABD9991F28F}") = "30_Do Until Loop", "30_Do Until Loop\30_Do Until Loop.vbproj", "{A51D7D40-269A-4C57-B3DF-70860256CC52}"
EndProject
Global
	GlobalSection(SolutionConfigurationPlatforms) = preSolution
		Debug|x86 = Debug|x86
		Release|x86 = Release|x86
	EndGlobalSection
	GlobalSection(ProjectConfigurationPlatforms) = postSolution
		{A51D7D40-269A-4C57-B3DF-70860256CC52}.Debug|x86.ActiveCfg = Debug|x86
		{A51D7D40-269A-4C57-B3DF-70860256CC52}.Debug|x86.Build.0 = Debug|x86
		{A51D7D40-269A-4C57-B3DF-70860256CC52}.Release|x86.ActiveCfg = Release|x86
		{A51D7D40-269A-4C57-B3DF-70860256CC52}.Release|x86.Build.0 = Release|x86
	EndGlobalSection
	GlobalSection(SolutionProperties) = preSolution
		HideSolutionNode = FALSE
	EndGlobalSection
EndGlobal
