
Microsoft Visual Studio Solution File, Format Version 11.00
# Visual Basic Express 2010
Project("{F184B08F-C81C-45F6-A57F-5ABD9991F28F}") = "42_User Defined Subs", "42_User Defined Subs\42_User Defined Subs.vbproj", "{ACA84350-E1A6-411F-8015-473D4AF6E5C4}"
EndProject
Global
	GlobalSection(SolutionConfigurationPlatforms) = preSolution
		Debug|x86 = Debug|x86
		Release|x86 = Release|x86
	EndGlobalSection
	GlobalSection(ProjectConfigurationPlatforms) = postSolution
		{ACA84350-E1A6-411F-8015-473D4AF6E5C4}.Debug|x86.ActiveCfg = Debug|x86
		{ACA84350-E1A6-411F-8015-473D4AF6E5C4}.Debug|x86.Build.0 = Debug|x86
		{ACA84350-E1A6-411F-8015-473D4AF6E5C4}.Release|x86.ActiveCfg = Release|x86
		{ACA84350-E1A6-411F-8015-473D4AF6E5C4}.Release|x86.Build.0 = Release|x86
	EndGlobalSection
	GlobalSection(SolutionProperties) = preSolution
		HideSolutionNode = FALSE
	EndGlobalSection
EndGlobal
